// !$*UTF8*$!
{
	archiveVersion = 1;
	classes = {
	};
	objectVersion = 56;
	objects = {

/* Begin PBXBuildFile section */
		6F7E706629BB24AA00F08874 /* AppDelegate.swift in Sources */ = {isa = PBXBuildFile; fileRef = 6F7E706529BB24AA00F08874 /* AppDelegate.swift */; };
		6F7E706829BB24AA00F08874 /* SceneDelegate.swift in Sources */ = {isa = PBXBuildFile; fileRef = 6F7E706729BB24AA00F08874 /* SceneDelegate.swift */; };
		6F7E706A29BB24AA00F08874 /* ViewController.swift in Sources */ = {isa = PBXBuildFile; fileRef = 6F7E706929BB24AA00F08874 /* ViewController.swift */; };
		6F7E706D29BB24AA00F08874 /* Main.storyboard in Resources */ = {isa = PBXBuildFile; fileRef = 6F7E706B29BB24AA00F08874 /* Main.storyboard */; };
		6F7E706F29BB24AC00F08874 /* Assets.xcassets in Resources */ = {isa = PBXBuildFile; fileRef = 6F7E706E29BB24AC00F08874 /* Assets.xcassets */; };
		6F7E707229BB24AC00F08874 /* LaunchScreen.storyboard in Resources */ = {isa = PBXBuildFile; fileRef = 6F7E707029BB24AC00F08874 /* LaunchScreen.storyboard */; };
		6F7E707A29BB26F000F08874 /* CellViewModel.swift in Sources */ = {isa = PBXBuildFile; fileRef = 6F7E707929BB26F000F08874 /* CellViewModel.swift */; };
		6F7E707C29BB274100F08874 /* CellType.swift in Sources */ = {isa = PBXBuildFile; fileRef = 6F7E707B29BB274100F08874 /* CellType.swift */; };
/* End PBXBuildFile section */

/* Begin PBXFileReference section */
		6F7E706229BB24AA00F08874 /* CollapsibleSections.app */ = {isa = PBXFileReference; explicitFileType = wrapper.application; includeInIndex = 0; path = CollapsibleSections.app; sourceTree = BUILT_PRODUCTS_DIR; };
		6F7E706529BB24AA00F08874 /* AppDelegate.swift */ = {isa = PBXFileReference; lastKnownFileType = sourcecode.swift; path = AppDelegate.swift; sourceTree = "<group>"; };
		6F7E706729BB24AA00F08874 /* SceneDelegate.swift */ = {isa = PBXFileReference; lastKnownFileType = sourcecode.swift; path = SceneDelegate.swift; sourceTree = "<group>"; };
		6F7E706929BB24AA00F08874 /* ViewController.swift */ = {isa = PBXFileReference; lastKnownFileType = sourcecode.swift; path = ViewController.swift; sourceTree = "<group>"; };
		6F7E706C29BB24AA00F08874 /* Base */ = {isa = PBXFileReference; lastKnownFileType = file.storyboard; name = Base; path = Base.lproj/Main.storyboard; sourceTree = "<group>"; };
		6F7E706E29BB24AC00F08874 /* Assets.xcassets */ = {isa = PBXFileReference; lastKnownFileType = folder.assetcatalog; path = Assets.xcassets; sourceTree = "<group>"; };
		6F7E707129BB24AC00F08874 /* Base */ = {isa = PBXFileReference; lastKnownFileType = file.storyboard; name = Base; path = Base.lproj/LaunchScreen.storyboard; sourceTree = "<group>"; };
		6F7E707329BB24AC00F08874 /* Info.plist */ = {isa = PBXFileReference; lastKnownFileType = text.plist.xml; path = Info.plist; sourceTree = "<group>"; };
		6F7E707929BB26F000F08874 /* CellViewModel.swift */ = {isa = PBXFileReference; lastKnownFileType = sourcecode.swift; path = CellViewModel.swift; sourceTree = "<group>"; };
		6F7E707B29BB274100F08874 /* CellType.swift */ = {isa = PBXFileReference; lastKnownFileType = sourcecode.swift; path = CellType.swift; sourceTree = "<group>"; };
/* End PBXFileReference section */

/* Begin PBXFrameworksBuildPhase section */
		6F7E705F29BB24AA00F08874 /* Frameworks */ = {
			isa = PBXFrameworksBuildPhase;
			buildActionMask = 2147483647;
			files = (
			);
			runOnlyForDeploymentPostprocessing = 0;
		};
/* End PBXFrameworksBuildPhase section */

/* Begin PBXGroup section */
		6F7E705929BB24AA00F08874 = {
			isa = PBXGroup;
			children = (
				6F7E706429BB24AA00F08874 /* CollapsibleSections */,
				6F7E706329BB24AA00F08874 /* Products */,
			);
			sourceTree = "<group>";
		};
		6F7E706329BB24AA00F08874 /* Products */ = {
			isa = PBXGroup;
			children = (
				6F7E706229BB24AA00F08874 /* CollapsibleSections.app */,
			);
			name = Products;
			sourceTree = "<group>";
		};
		6F7E706429BB24AA00F08874 /* CollapsibleSections */ = {
			isa = PBXGroup;
			children = (
				6F7E706529BB24AA00F08874 /* AppDelegate.swift */,
				6F7E706729BB24AA00F08874 /* SceneDelegate.swift */,
				6F7E706929BB24AA00F08874 /* ViewController.swift */,
				6F7E706B29BB24AA00F08874 /* Main.storyboard */,
				6F7E706E29BB24AC00F08874 /* Assets.xcassets */,
				6F7E707029BB24AC00F08874 /* LaunchScreen.storyboard */,
				6F7E707329BB24AC00F08874 /* Info.plist */,
				6F7E707929BB26F000F08874 /* CellViewModel.swift */,
				6F7E707B29BB274100F08874 /* CellType.swift */,
			);
			path = CollapsibleSections;
			sourceTree = "<group>";
		};
/* End PBXGroup section */

/* Begin PBXNativeTarget section */
		6F7E706129BB24AA00F08874 /* CollapsibleSections */ = {
			isa = PBXNativeTarget;
			buildConfigurationList = 6F7E707629BB24AC00F08874 /* Build configuration list for PBXNativeTarget "CollapsibleSections" */;
			buildPhases = (
				6F7E705E29BB24AA00F08874 /* Sources */,
				6F7E705F29BB24AA00F08874 /* Frameworks */,
				6F7E706029BB24AA00F08874 /* Resources */,
			);
			buildRules = (
			);
			dependencies = (
			);
			name = CollapsibleSections;
			productName = CollapsibleSections;
			productReference = 6F7E706229BB24AA00F08874 /* CollapsibleSections.app */;
			productType = "com.apple.product-type.application";
		};
/* End PBXNativeTarget section */

/* Begin PBXProject section */
		6F7E705A29BB24AA00F08874 /* Project object */ = {
			isa = PBXProject;
			attributes = {
				BuildIndependentTargetsInParallel = 1;
				LastSwiftUpdateCheck = 1420;
				LastUpgradeCheck = 1420;
				TargetAttributes = {
					6F7E706129BB24AA00F08874 = {
						CreatedOnToolsVersion = 14.2;
					};
				};
			};
			buildConfigurationList = 6F7E705D29BB24AA00F08874 /* Build configuration list for PBXProject "CollapsibleSections" */;
			compatibilityVersion = "Xcode 14.0";
			developmentRegion = en;
			hasScannedForEncodings = 0;
			knownRegions = (
				en,
				Base,
			);
			mainGroup = 6F7E705929BB24AA00F08874;
			productRefGroup = 6F7E706329BB24AA00F08874 /* Products */;
			projectDirPath = "";
			projectRoot = "";
			targets = (
				6F7E706129BB24AA00F08874 /* CollapsibleSections */,
			);
		};
/* End PBXProject section */

/* Begin PBXResourcesBuildPhase section */
		6F7E706029BB24AA00F08874 /* Resources */ = {
			isa = PBXResourcesBuildPhase;
			buildActionMask = 2147483647;
			files = (
				6F7E707229BB24AC00F08874 /* LaunchScreen.storyboard in Resources */,
				6F7E706F29BB24AC00F08874 /* Assets.xcassets in Resources */,
				6F7E706D29BB24AA00F08874 /* Main.storyboard in Resources */,
			);
			runOnlyForDeploymentPostprocessing = 0;
		};
/* End PBXResourcesBuildPhase section */

/* Begin PBXSourcesBuildPhase section */
		6F7E705E29BB24AA00F08874 /* Sources */ = {
			isa = PBXSourcesBuildPhase;
			buildActionMask = 2147483647;
			files = (
				6F7E706A29BB24AA00F08874 /* ViewController.swift in Sources */,
				6F7E707C29BB274100F08874 /* CellType.swift in Sources */,
				6F7E706629BB24AA00F08874 /* AppDelegate.swift in Sources */,
				6F7E707A29BB26F000F08874 /* CellViewModel.swift in Sources */,
				6F7E706829BB24AA00F08874 /* SceneDelegate.swift in Sources */,
			);
			runOnlyForDeploymentPostprocessing = 0;
		};
/* End PBXSourcesBuildPhase section */

/* Begin PBXVariantGroup section */
		6F7E706B29BB24AA00F08874 /* Main.storyboard */ = {
			isa = PBXVariantGroup;
			children = (
				6F7E706C29BB24AA00F08874 /* Base */,
			);
			name = Main.storyboard;
			sourceTree = "<group>";
		};
		6F7E707029BB24AC00F08874 /* LaunchScreen.storyboard */ = {
			isa = PBXVariantGroup;
			children = (
				6F7E707129BB24AC00F08874 /* Base */,
			);
			name = LaunchScreen.storyboard;
			sourceTree = "<group>";
		};
/* End PBXVariantGroup section */

/* Begin XCBuildConfiguration section */
		6F7E707429BB24AC00F08874 /* Debug */ = {
			isa = XCBuildConfiguration;
			buildSettings = {
				ALWAYS_SEARCH_USER_PATHS = NO;
				CLANG_ANALYZER_NONNULL = YES;
				CLANG_ANALYZER_NUMBER_OBJECT_CONVERSION = YES_AGGRESSIVE;
				CLANG_CXX_LANGUAGE_STANDARD = "gnu++20";
				CLANG_ENABLE_MODULES = YES;
				CLANG_ENABLE_OBJC_ARC = YES;
				CLANG_ENABLE_OBJC_WEAK = YES;
				CLANG_WARN_BLOCK_CAPTURE_AUTORELEASING = YES;
				CLANG_WARN_BOOL_CONVERSION = YES;
				CLANG_WARN_COMMA = YES;
				CLANG_WARN_CONSTANT_CONVERSION = YES;
				CLANG_WARN_DEPRECATED_OBJC_IMPLEMENTATIONS = YES;
				CLANG_WARN_DIRECT_OBJC_ISA_USAGE = YES_ERROR;
				CLANG_WARN_DOCUMENTATION_COMMENTS = YES;
				CLANG_WARN_EMPTY_BODY = YES;
				CLANG_WARN_ENUM_CONVERSION = YES;
				CLANG_WARN_INFINITE_RECURSION = YES;
				CLANG_WARN_INT_CONVERSION = YES;
				CLANG_WARN_NON_LITERAL_NULL_CONVERSION = YES;
				CLANG_WARN_OBJC_IMPLICIT_RETAIN_SELF = YES;
				CLANG_WARN_OBJC_LITERAL_CONVERSION = YES;
				CLANG_WARN_OBJC_ROOT_CLASS = YES_ERROR;
				CLANG_WARN_QUOTED_INCLUDE_IN_FRAMEWORK_HEADER = YES;
				CLANG_WARN_RANGE_LOOP_ANALYSIS = YES;
				CLANG_WARN_STRICT_PROTOTYPES = YES;
				CLANG_WARN_SUSPICIOUS_MOVE = YES;
				CLANG_WARN_UNGUARDED_AVAILABILITY = YES_AGGRESSIVE;
				CLANG_WARN_UNREACHABLE_CODE = YES;
				CLANG_WARN__DUPLICATE_METHOD_MATCH = YES;
				COPY_PHASE_STRIP = NO;
				DEBUG_INFORMATION_FORMAT = dwarf;
				ENABLE_STRICT_OBJC_MSGSEND = YES;
				ENABLE_TESTABILITY = YES;
				GCC_C_LANGUAGE_STANDARD = gnu11;
				GCC_DYNAMIC_NO_PIC = NO;
				GCC_NO_COMMON_BLOCKS = YES;
				GCC_OPTIMIZATION_LEVEL = 0;
				GCC_PREPROCESSOR_DEFINITIONS = (
					"DEBUG=1",
					"$(inherited)",
				);
				GCC_WARN_64_TO_32_BIT_CONVERSION = YES;
				GCC_WARN_ABOUT_RETURN_TYPE = YES_ERROR;
				GCC_WARN_UNDECLARED_SELECTOR = YES;
				GCC_WARN_UNINITIALIZED_AUTOS = YES_AGGRESSIVE;
				GCC_WARN_UNUSED_FUNCTION = YES;
				GCC_WARN_UNUSED_VARIABLE = YES;
				IPHONEOS_DEPLOYMENT_TARGET = 16.2;
				MTL_ENABLE_DEBUG_INFO = INCLUDE_SOURCE;
				MTL_FAST_MATH = YES;
				ONLY_ACTIVE_ARCH = YES;
				SDKROOT = iphoneos;
				SWIFT_ACTIVE_COMPILATION_CONDITIONS = DEBUG;
				SWIFT_OPTIMIZATION_LEVEL = "-Onone";
			};
			name = Debug;
		};
		6F7E707529BB24AC00F08874 /* Release */ = {
			isa = XCBuildConfiguration;
			buildSettings = {
				ALWAYS_SEARCH_USER_PATHS = NO;
				CLANG_ANALYZER_NONNULL = YES;
				CLANG_ANALYZER_NUMBER_OBJECT_CONVERSION = YES_AGGRESSIVE;
				CLANG_CXX_LANGUAGE_STANDARD = "gnu++20";
				CLANG_ENABLE_MODULES = YES;
				CLANG_ENABLE_OBJC_ARC = YES;
				CLANG_ENABLE_OBJC_WEAK = YES;
				CLANG_WARN_BLOCK_CAPTURE_AUTORELEASING = YES;
				CLANG_WARN_BOOL_CONVERSION = YES;
				CLANG_WARN_COMMA = YES;
				CLANG_WARN_CONSTANT_CONVERSION = YES;
				CLANG_WARN_DEPRECATED_OBJC_IMPLEMENTATIONS = YES;
				CLANG_WARN_DIRECT_OBJC_ISA_USAGE = YES_ERROR;
				CLANG_WARN_DOCUMENTATION_COMMENTS = YES;
				CLANG_WARN_EMPTY_BODY = YES;
				CLANG_WARN_ENUM_CONVERSION = YES;
				CLANG_WARN_INFINITE_RECURSION = YES;
				CLANG_WARN_INT_CONVERSION = YES;
				CLANG_WARN_NON_LITERAL_NULL_CONVERSION = YES;
				CLANG_WARN_OBJC_IMPLICIT_RETAIN_SELF = YES;
				CLANG_WARN_OBJC_LITERAL_CONVERSION = YES;
				CLANG_WARN_OBJC_ROOT_CLASS = YES_ERROR;
				CLANG_WARN_QUOTED_INCLUDE_IN_FRAMEWORK_HEADER = YES;
				CLANG_WARN_RANGE_LOOP_ANALYSIS = YES;
				CLANG_WARN_STRICT_PROTOTYPES = YES;
				CLANG_WARN_SUSPICIOUS_MOVE = YES;
				CLANG_WARN_UNGUARDED_AVAILABILITY = YES_AGGRESSIVE;
				CLANG_WARN_UNREACHABLE_CODE = YES;
				CLANG_WARN__DUPLICATE_METHOD_MATCH = YES;
				COPY_PHASE_STRIP = NO;
				DEBUG_INFORMATION_FORMAT = "dwarf-with-dsym";
				ENABLE_NS_ASSERTIONS = NO;
				ENABLE_STRICT_OBJC_MSGSEND = YES;
				GCC_C_LANGUAGE_STANDARD = gnu11;
				GCC_NO_COMMON_BLOCKS = YES;
				GCC_WARN_64_TO_32_BIT_CONVERSION = YES;
				GCC_WARN_ABOUT_RETURN_TYPE = YES_ERROR;
				GCC_WARN_UNDECLARED_SELECTOR = YES;
				GCC_WARN_UNINITIALIZED_AUTOS = YES_AGGRESSIVE;
				GCC_WARN_UNUSED_FUNCTION = YES;
				GCC_WARN_UNUSED_VARIABLE = YES;
				IPHONEOS_DEPLOYMENT_TARGET = 16.2;
				MTL_ENABLE_DEBUG_INFO = NO;
				MTL_FAST_MATH = YES;
				SDKROOT = iphoneos;
				SWIFT_COMPILATION_MODE = wholemodule;
				SWIFT_OPTIMIZATION_LEVEL = "-O";
				VALIDATE_PRODUCT = YES;
			};
			name = Release;
		};
		6F7E707729BB24AC00F08874 /* Debug */ = {
			isa = XCBuildConfiguration;
			buildSettings = {
				ASSETCATALOG_COMPILER_APPICON_NAME = AppIcon;
				ASSETCATALOG_COMPILER_GLOBAL_ACCENT_COLOR_NAME = AccentColor;
				CODE_SIGN_STYLE = Automatic;
				CURRENT_PROJECT_VERSION = 1;
				DEVELOPMENT_TEAM = YKW4K6F98F;
				GENERATE_INFOPLIST_FILE = YES;
				INFOPLIST_FILE = CollapsibleSections/Info.plist;
				INFOPLIST_KEY_UIApplicationSupportsIndirectInputEvents = YES;
				INFOPLIST_KEY_UILaunchStoryboardName = LaunchScreen;
				INFOPLIST_KEY_UIMainStoryboardFile = Main;
				INFOPLIST_KEY_UISupportedInterfaceOrientations_iPad = "UIInterfaceOrientationPortrait UIInterfaceOrientationPortraitUpsideDown UIInterfaceOrientationLandscapeLeft UIInterfaceOrientationLandscapeRight";
				INFOPLIST_KEY_UISupportedInterfaceOrientations_iPhone = "UIInterfaceOrientationPortrait UIInterfaceOrientationLandscapeLeft UIInterfaceOrientationLandscapeRight";
				LD_RUNPATH_SEARCH_PATHS = (
					"$(inherited)",
					"@executable_path/Frameworks",
				);
				MARKETING_VERSION = 1.0;
				PRODUCT_BUNDLE_IDENTIFIER = de.hshl.isd.CollapsibleSections;
				PRODUCT_NAME = "$(TARGET_NAME)";
				SWIFT_EMIT_LOC_STRINGS = YES;
				SWIFT_VERSION = 5.0;
				TARGETED_DEVICE_FAMILY = "1,2";
			};
			name = Debug;
		};
		6F7E707829BB24AC00F08874 /* Release */ = {
			isa = XCBuildConfiguration;
			buildSettings = {
				ASSETCATALOG_COMPILER_APPICON_NAME = AppIcon;
				ASSETCATALOG_COMPILER_GLOBAL_ACCENT_COLOR_NAME = AccentColor;
				CODE_SIGN_STYLE = Automatic;
				CURRENT_PROJECT_VERSION = 1;
				DEVELOPMENT_TEAM = YKW4K6F98F;
				GENERATE_INFOPLIST_FILE = YES;
				INFOPLIST_FILE = CollapsibleSections/Info.plist;
				INFOPLIST_KEY_UIApplicationSupportsIndirectInputEvents = YES;
				INFOPLIST_KEY_UILaunchStoryboardName = LaunchScreen;
				INFOPLIST_KEY_UIMainStoryboardFile = Main;
				INFOPLIST_KEY_UISupportedInterfaceOrientations_iPad = "UIInterfaceOrientationPortrait UIInterfaceOrientationPortraitUpsideDown UIInterfaceOrientationLandscapeLeft UIInterfaceOrientationLandscapeRight";
				INFOPLIST_KEY_UISupportedInterfaceOrientations_iPhone = "UIInterfaceOrientationPortrait UIInterfaceOrientationLandscapeLeft UIInterfaceOrientationLandscapeRight";
				LD_RUNPATH_SEARCH_PATHS = (
					"$(inherited)",
					"@executable_path/Frameworks",
				);
				MARKETING_VERSION = 1.0;
				PRODUCT_BUNDLE_IDENTIFIER = de.hshl.isd.CollapsibleSections;
				PRODUCT_NAME = "$(TARGET_NAME)";
				SWIFT_EMIT_LOC_STRINGS = YES;
				SWIFT_VERSION = 5.0;
				TARGETED_DEVICE_FAMILY = "1,2";
			};
			name = Release;
		};
/* End XCBuildConfiguration section */

/* Begin XCConfigurationList section */
		6F7E705D29BB24AA00F08874 /* Build configuration list for PBXProject "CollapsibleSections" */ = {
			isa = XCConfigurationList;
			buildConfigurations = (
				6F7E707429BB24AC00F08874 /* Debug */,
				6F7E707529BB24AC00F08874 /* Release */,
			);
			defaultConfigurationIsVisible = 0;
			defaultConfigurationName = Release;
		};
		6F7E707629BB24AC00F08874 /* Build configuration list for PBXNativeTarget "CollapsibleSections" */ = {
			isa = XCConfigurationList;
			buildConfigurations = (
				6F7E707729BB24AC00F08874 /* Debug */,
				6F7E707829BB24AC00F08874 /* Release */,
			);
			defaultConfigurationIsVisible = 0;
			defaultConfigurationName = Release;
		};
/* End XCConfigurationList section */
	};
	rootObject = 6F7E705A29BB24AA00F08874 /* Project object */;
}
